<Solution>
  <Folder Name="/Solution Items/">
    <File Path="Directory.Packages.props" />
  </Folder>
  <Project Path="src/Dzaba.HomeSecurity.LogsIngestion.Contracts/Dzaba.HomeSecurity.LogsIngestion.Contracts.csproj" Id="6dae7861-4633-4d4b-9ef7-f4874e81aa2c" />
  <Project Path="src/Dzaba.HomeSecurity.LogsIngestion.Tests/Dzaba.HomeSecurity.LogsIngestion.Tests.csproj" Id="5f8ab04f-6e01-4329-90b0-1fcf5ac59a2e" />
  <Project Path="src/Dzaba.HomeSecurity.LogsIngestion/Dzaba.HomeSecurity.LogsIngestion.csproj" />
</Solution>
