<Solution>
  <Project Path="../Common/Dzaba.HomeSecurity.Authorization.OrgApi/Dzaba.HomeSecurity.Authorization.OrgApi.csproj" />
  <Project Path="../Common/Dzaba.HomeSecurity.Authorization/Dzaba.HomeSecurity.Authorization.csproj" />
  <Project Path="../Common/Dzaba.HomeSecurity.Caching.Contracts/Dzaba.HomeSecurity.Caching.Contracts.csproj" />
  <Project Path="../Common/Dzaba.HomeSecurity.Caching.Redis/Dzaba.HomeSecurity.Caching.Redis.csproj" />
  <Project Path="../Common/Dzaba.HomeSecurity.DbServer/Dzaba.HomeSecurity.DbServer.csproj" />
  <Project Path="../Common/Dzaba.HomeSecurity.Domain/Dzaba.HomeSecurity.Domain.csproj" />
  <Project Path="../Common/Dzaba.HomeSecurity.MessageBroker.Contracts/Dzaba.HomeSecurity.MessageBroker.Contracts.csproj" />
  <Project Path="../Common/Dzaba.HomeSecurity.Observability/Dzaba.HomeSecurity.Observability.csproj" />
  <Project Path="../Common/Dzaba.HomeSecurity.TestUtils/Dzaba.HomeSecurity.TestUtils.csproj" />
  <Project Path="../Common/Dzaba.HomeSecurity.WebApi/Dzaba.HomeSecurity.WebApi.csproj" />
  <Project Path="Dzaba.HomeSecurity.Devices.Service.Tests/Dzaba.HomeSecurity.Devices.Service.Tests.csproj" />
  <Project Path="Dzaba.HomeSecurity.Devices.Service/Dzaba.HomeSecurity.Devices.Service.csproj" />
</Solution>
