<Solution>
  <Project Path="../Common/Dzaba.HomeSecurity.Authorization/Dzaba.HomeSecurity.Authorization.csproj" />
  <Project Path="../Common/Dzaba.HomeSecurity.Caching.Contracts/Dzaba.HomeSecurity.Caching.Contracts.csproj" />
  <Project Path="../Common/Dzaba.HomeSecurity.Caching.Redis/Dzaba.HomeSecurity.Caching.Redis.csproj" />
  <Project Path="../Common/Dzaba.HomeSecurity.DbServer/Dzaba.HomeSecurity.DbServer.csproj" />
  <Project Path="../Common/Dzaba.HomeSecurity.DeviceAuth/Dzaba.HomeSecurity.DeviceAuth.csproj" />
  <Project Path="../Common/Dzaba.HomeSecurity.Domain/Dzaba.HomeSecurity.Domain.csproj" />
  <Project Path="../Common/Dzaba.HomeSecurity.DomainEvents/Dzaba.HomeSecurity.DomainEvents.csproj" />
  <Project Path="../Common/Dzaba.HomeSecurity.MessageBroker.Contracts/Dzaba.HomeSecurity.MessageBroker.Contracts.csproj" />
  <Project Path="../Common/Dzaba.HomeSecurity.MessageBroker.RabbitMQ/Dzaba.HomeSecurity.MessageBroker.RabbitMQ.csproj" />
  <Project Path="../Common/Dzaba.HomeSecurity.Observability/Dzaba.HomeSecurity.Observability.csproj" />
  <Project Path="../Common/Dzaba.HomeSecurity.TestUtils/Dzaba.HomeSecurity.TestUtils.csproj" />
  <Project Path="../Common/Dzaba.HomeSecurity.WebApi/Dzaba.HomeSecurity.WebApi.csproj" />
  <Project Path="Dzaba.HomeSecurity.Org.Contracts.Tests/Dzaba.HomeSecurity.Org.Contracts.Tests.csproj" />
  <Project Path="Dzaba.HomeSecurity.Org.Contracts/Dzaba.HomeSecurity.Org.Contracts.csproj" />
  <Project Path="Dzaba.HomeSecurity.Org.Service.Tests/Dzaba.HomeSecurity.Org.Service.Tests.csproj" />
  <Project Path="Dzaba.HomeSecurity.Org.Service/Dzaba.HomeSecurity.Org.Service.csproj" />
</Solution>
